// !$*UTF8*$!
{
	archiveVersion = 1;
	classes = {
	};
	objectVersion = 52;
	objects = {

/* Begin PBXBuildFile section */
		179CC0C32379DA3D00CA420A /* AppDelegate.swift in Sources */ = {isa = PBXBuildFile; fileRef = 179CC0C22379DA3D00CA420A /* AppDelegate.swift */; };
		179CC0C52379DA3D00CA420A /* SceneDelegate.swift in Sources */ = {isa = PBXBuildFile; fileRef = 179CC0C42379DA3D00CA420A /* SceneDelegate.swift */; };
		179CC0CA2379DA3D00CA420A /* Main.storyboard in Resources */ = {isa = PBXBuildFile; fileRef = 179CC0C82379DA3D00CA420A /* Main.storyboard */; };
		179CC0CC2379DA4300CA420A /* Assets.xcassets in Resources */ = {isa = PBXBuildFile; fileRef = 179CC0CB2379DA4300CA420A /* Assets.xcassets */; };
		179CC0CF2379DA4300CA420A /* LaunchScreen.storyboard in Resources */ = {isa = PBXBuildFile; fileRef = 179CC0CD2379DA4300CA420A /* LaunchScreen.storyboard */; };
		179CC0DA2379DA4300CA420A /* OlaApp_TaskTests.swift in Sources */ = {isa = PBXBuildFile; fileRef = 179CC0D92379DA4300CA420A /* OlaApp_TaskTests.swift */; };
		179CC0E52379DA4300CA420A /* OlaApp_TaskUITests.swift in Sources */ = {isa = PBXBuildFile; fileRef = 179CC0E42379DA4300CA420A /* OlaApp_TaskUITests.swift */; };
		179CC0F92379E1CA00CA420A /* RxSwift in Frameworks */ = {isa = PBXBuildFile; productRef = 179CC0F82379E1CA00CA420A /* RxSwift */; };
		179CC0FB2379E1CB00CA420A /* RxCocoa in Frameworks */ = {isa = PBXBuildFile; productRef = 179CC0FA2379E1CA00CA420A /* RxCocoa */; };
		179CC0FD2379E1EB00CA420A /* HomeViewController.swift in Sources */ = {isa = PBXBuildFile; fileRef = 179CC0FC2379E1EB00CA420A /* HomeViewController.swift */; };
		179CC0FF2379E2C700CA420A /* HomeViewModel.swift in Sources */ = {isa = PBXBuildFile; fileRef = 179CC0FE2379E2C700CA420A /* HomeViewModel.swift */; };
		179CC101237AF54600CA420A /* VehicleDetails.swift in Sources */ = {isa = PBXBuildFile; fileRef = 179CC100237AF54600CA420A /* VehicleDetails.swift */; };
		179CC106237AF85000CA420A /* VehicleDetailVC.swift in Sources */ = {isa = PBXBuildFile; fileRef = 179CC105237AF85000CA420A /* VehicleDetailVC.swift */; };
		179CC108237AF87000CA420A /* MapViewController.swift in Sources */ = {isa = PBXBuildFile; fileRef = 179CC107237AF87000CA420A /* MapViewController.swift */; };
		179CC10A237AFC1100CA420A /* Endpoint.swift in Sources */ = {isa = PBXBuildFile; fileRef = 179CC109237AFC1100CA420A /* Endpoint.swift */; };
		179CC10C237AFE0D00CA420A /* Networking.swift in Sources */ = {isa = PBXBuildFile; fileRef = 179CC10B237AFE0D00CA420A /* Networking.swift */; };
		179CC10E237B228700CA420A /* Future.swift in Sources */ = {isa = PBXBuildFile; fileRef = 179CC10D237B228700CA420A /* Future.swift */; };
		179CC110237B2B5300CA420A /* Promise.swift in Sources */ = {isa = PBXBuildFile; fileRef = 179CC10F237B2B5300CA420A /* Promise.swift */; };
		179CC112237B2CF300CA420A /* DataDecoder.swift in Sources */ = {isa = PBXBuildFile; fileRef = 179CC111237B2CF300CA420A /* DataDecoder.swift */; };
		179CC115237B2FB300CA420A /* VehicleLoader.swift in Sources */ = {isa = PBXBuildFile; fileRef = 179CC114237B2FB300CA420A /* VehicleLoader.swift */; };
		179CC119237B30E400CA420A /* LoadingViewController.swift in Sources */ = {isa = PBXBuildFile; fileRef = 179CC118237B30E400CA420A /* LoadingViewController.swift */; };
		179CC11C237B315900CA420A /* ViewControllerExtension.swift in Sources */ = {isa = PBXBuildFile; fileRef = 179CC11B237B315900CA420A /* ViewControllerExtension.swift */; };
		179CC126237C386800CA420A /* VehiclesCollectionVC.swift in Sources */ = {isa = PBXBuildFile; fileRef = 179CC125237C386800CA420A /* VehiclesCollectionVC.swift */; };
		179CC129237C387400CA420A /* VehicleCell.xib in Resources */ = {isa = PBXBuildFile; fileRef = 179CC127237C387400CA420A /* VehicleCell.xib */; };
		179CC12A237C387400CA420A /* VehicleCell.swift in Sources */ = {isa = PBXBuildFile; fileRef = 179CC128237C387400CA420A /* VehicleCell.swift */; };
		179CC12D237C3E3A00CA420A /* ImageProvider.swift in Sources */ = {isa = PBXBuildFile; fileRef = 179CC12C237C3E3A00CA420A /* ImageProvider.swift */; };
		179CC130237C436700CA420A /* Storyboarded.swift in Sources */ = {isa = PBXBuildFile; fileRef = 179CC12F237C436700CA420A /* Storyboarded.swift */; };
		179CC132237C7B0E00CA420A /* LocationModel.swift in Sources */ = {isa = PBXBuildFile; fileRef = 179CC131237C7B0E00CA420A /* LocationModel.swift */; };
		179CC134237C90C100CA420A /* ImageExtension.swift in Sources */ = {isa = PBXBuildFile; fileRef = 179CC133237C90C100CA420A /* ImageExtension.swift */; };
		179CC136237D899800CA420A /* ANCustomView.swift in Sources */ = {isa = PBXBuildFile; fileRef = 179CC135237D899800CA420A /* ANCustomView.swift */; };
		179CC139237DAE4E00CA420A /* VehicleAnnotationView.swift in Sources */ = {isa = PBXBuildFile; fileRef = 179CC138237DAE4E00CA420A /* VehicleAnnotationView.swift */; };
/* End PBXBuildFile section */

/* Begin PBXContainerItemProxy section */
		179CC0D62379DA4300CA420A /* PBXContainerItemProxy */ = {
			isa = PBXContainerItemProxy;
			containerPortal = 179CC0B72379DA3D00CA420A /* Project object */;
			proxyType = 1;
			remoteGlobalIDString = 179CC0BE2379DA3D00CA420A;
			remoteInfo = "OlaApp-Task";
		};
		179CC0E12379DA4300CA420A /* PBXContainerItemProxy */ = {
			isa = PBXContainerItemProxy;
			containerPortal = 179CC0B72379DA3D00CA420A /* Project object */;
			proxyType = 1;
			remoteGlobalIDString = 179CC0BE2379DA3D00CA420A;
			remoteInfo = "OlaApp-Task";
		};
/* End PBXContainerItemProxy section */

/* Begin PBXFileReference section */
		179CC0BF2379DA3D00CA420A /* OlaApp-Task.app */ = {isa = PBXFileReference; explicitFileType = wrapper.application; includeInIndex = 0; path = "OlaApp-Task.app"; sourceTree = BUILT_PRODUCTS_DIR; };
		179CC0C22379DA3D00CA420A /* AppDelegate.swift */ = {isa = PBXFileReference; lastKnownFileType = sourcecode.swift; path = AppDelegate.swift; sourceTree = "<group>"; };
		179CC0C42379DA3D00CA420A /* SceneDelegate.swift */ = {isa = PBXFileReference; lastKnownFileType = sourcecode.swift; path = SceneDelegate.swift; sourceTree = "<group>"; };
		179CC0C92379DA3D00CA420A /* Base */ = {isa = PBXFileReference; lastKnownFileType = file.storyboard; name = Base; path = Base.lproj/Main.storyboard; sourceTree = "<group>"; };
		179CC0CB2379DA4300CA420A /* Assets.xcassets */ = {isa = PBXFileReference; lastKnownFileType = folder.assetcatalog; path = Assets.xcassets; sourceTree = "<group>"; };
		179CC0CE2379DA4300CA420A /* Base */ = {isa = PBXFileReference; lastKnownFileType = file.storyboard; name = Base; path = Base.lproj/LaunchScreen.storyboard; sourceTree = "<group>"; };
		179CC0D02379DA4300CA420A /* Info.plist */ = {isa = PBXFileReference; lastKnownFileType = text.plist.xml; path = Info.plist; sourceTree = "<group>"; };
		179CC0D52379DA4300CA420A /* OlaApp-TaskTests.xctest */ = {isa = PBXFileReference; explicitFileType = wrapper.cfbundle; includeInIndex = 0; path = "OlaApp-TaskTests.xctest"; sourceTree = BUILT_PRODUCTS_DIR; };
		179CC0D92379DA4300CA420A /* OlaApp_TaskTests.swift */ = {isa = PBXFileReference; lastKnownFileType = sourcecode.swift; path = OlaApp_TaskTests.swift; sourceTree = "<group>"; };
		179CC0DB2379DA4300CA420A /* Info.plist */ = {isa = PBXFileReference; lastKnownFileType = text.plist.xml; path = Info.plist; sourceTree = "<group>"; };
		179CC0E02379DA4300CA420A /* OlaApp-TaskUITests.xctest */ = {isa = PBXFileReference; explicitFileType = wrapper.cfbundle; includeInIndex = 0; path = "OlaApp-TaskUITests.xctest"; sourceTree = BUILT_PRODUCTS_DIR; };
		179CC0E42379DA4300CA420A /* OlaApp_TaskUITests.swift */ = {isa = PBXFileReference; lastKnownFileType = sourcecode.swift; path = OlaApp_TaskUITests.swift; sourceTree = "<group>"; };
		179CC0E62379DA4300CA420A /* Info.plist */ = {isa = PBXFileReference; lastKnownFileType = text.plist.xml; path = Info.plist; sourceTree = "<group>"; };
		179CC0FC2379E1EB00CA420A /* HomeViewController.swift */ = {isa = PBXFileReference; lastKnownFileType = sourcecode.swift; path = HomeViewController.swift; sourceTree = "<group>"; };
		179CC0FE2379E2C700CA420A /* HomeViewModel.swift */ = {isa = PBXFileReference; lastKnownFileType = sourcecode.swift; path = HomeViewModel.swift; sourceTree = "<group>"; };
		179CC100237AF54600CA420A /* VehicleDetails.swift */ = {isa = PBXFileReference; lastKnownFileType = sourcecode.swift; path = VehicleDetails.swift; sourceTree = "<group>"; };
		179CC105237AF85000CA420A /* VehicleDetailVC.swift */ = {isa = PBXFileReference; lastKnownFileType = sourcecode.swift; path = VehicleDetailVC.swift; sourceTree = "<group>"; };
		179CC107237AF87000CA420A /* MapViewController.swift */ = {isa = PBXFileReference; lastKnownFileType = sourcecode.swift; path = MapViewController.swift; sourceTree = "<group>"; };
		179CC109237AFC1100CA420A /* Endpoint.swift */ = {isa = PBXFileReference; lastKnownFileType = sourcecode.swift; path = Endpoint.swift; sourceTree = "<group>"; };
		179CC10B237AFE0D00CA420A /* Networking.swift */ = {isa = PBXFileReference; lastKnownFileType = sourcecode.swift; path = Networking.swift; sourceTree = "<group>"; };
		179CC10D237B228700CA420A /* Future.swift */ = {isa = PBXFileReference; lastKnownFileType = sourcecode.swift; path = Future.swift; sourceTree = "<group>"; };
		179CC10F237B2B5300CA420A /* Promise.swift */ = {isa = PBXFileReference; lastKnownFileType = sourcecode.swift; path = Promise.swift; sourceTree = "<group>"; };
		179CC111237B2CF300CA420A /* DataDecoder.swift */ = {isa = PBXFileReference; lastKnownFileType = sourcecode.swift; path = DataDecoder.swift; sourceTree = "<group>"; };
		179CC114237B2FB300CA420A /* VehicleLoader.swift */ = {isa = PBXFileReference; lastKnownFileType = sourcecode.swift; path = VehicleLoader.swift; sourceTree = "<group>"; };
		179CC118237B30E400CA420A /* LoadingViewController.swift */ = {isa = PBXFileReference; lastKnownFileType = sourcecode.swift; path = LoadingViewController.swift; sourceTree = "<group>"; };
		179CC11B237B315900CA420A /* ViewControllerExtension.swift */ = {isa = PBXFileReference; lastKnownFileType = sourcecode.swift; path = ViewControllerExtension.swift; sourceTree = "<group>"; };
		179CC125237C386800CA420A /* VehiclesCollectionVC.swift */ = {isa = PBXFileReference; fileEncoding = 4; lastKnownFileType = sourcecode.swift; path = VehiclesCollectionVC.swift; sourceTree = "<group>"; };
		179CC127237C387400CA420A /* VehicleCell.xib */ = {isa = PBXFileReference; fileEncoding = 4; lastKnownFileType = file.xib; path = VehicleCell.xib; sourceTree = "<group>"; };
		179CC128237C387400CA420A /* VehicleCell.swift */ = {isa = PBXFileReference; fileEncoding = 4; lastKnownFileType = sourcecode.swift; path = VehicleCell.swift; sourceTree = "<group>"; };
		179CC12C237C3E3A00CA420A /* ImageProvider.swift */ = {isa = PBXFileReference; lastKnownFileType = sourcecode.swift; path = ImageProvider.swift; sourceTree = "<group>"; };
		179CC12F237C436700CA420A /* Storyboarded.swift */ = {isa = PBXFileReference; lastKnownFileType = sourcecode.swift; path = Storyboarded.swift; sourceTree = "<group>"; };
		179CC131237C7B0E00CA420A /* LocationModel.swift */ = {isa = PBXFileReference; lastKnownFileType = sourcecode.swift; path = LocationModel.swift; sourceTree = "<group>"; };
		179CC133237C90C100CA420A /* ImageExtension.swift */ = {isa = PBXFileReference; lastKnownFileType = sourcecode.swift; path = ImageExtension.swift; sourceTree = "<group>"; };
		179CC135237D899800CA420A /* ANCustomView.swift */ = {isa = PBXFileReference; lastKnownFileType = sourcecode.swift; path = ANCustomView.swift; sourceTree = "<group>"; };
		179CC138237DAE4E00CA420A /* VehicleAnnotationView.swift */ = {isa = PBXFileReference; lastKnownFileType = sourcecode.swift; path = VehicleAnnotationView.swift; sourceTree = "<group>"; };
/* End PBXFileReference section */

/* Begin PBXFrameworksBuildPhase section */
		179CC0BC2379DA3D00CA420A /* Frameworks */ = {
			isa = PBXFrameworksBuildPhase;
			buildActionMask = 2147483647;
			files = (
				179CC0FB2379E1CB00CA420A /* RxCocoa in Frameworks */,
				179CC0F92379E1CA00CA420A /* RxSwift in Frameworks */,
			);
			runOnlyForDeploymentPostprocessing = 0;
		};
		179CC0D22379DA4300CA420A /* Frameworks */ = {
			isa = PBXFrameworksBuildPhase;
			buildActionMask = 2147483647;
			files = (
			);
			runOnlyForDeploymentPostprocessing = 0;
		};
		179CC0DD2379DA4300CA420A /* Frameworks */ = {
			isa = PBXFrameworksBuildPhase;
			buildActionMask = 2147483647;
			files = (
			);
			runOnlyForDeploymentPostprocessing = 0;
		};
/* End PBXFrameworksBuildPhase section */

/* Begin PBXGroup section */
		179CC0B62379DA3D00CA420A = {
			isa = PBXGroup;
			children = (
				179CC0C12379DA3D00CA420A /* OlaApp-Task */,
				179CC0D82379DA4300CA420A /* OlaApp-TaskTests */,
				179CC0E32379DA4300CA420A /* OlaApp-TaskUITests */,
				179CC0C02379DA3D00CA420A /* Products */,
			);
			sourceTree = "<group>";
		};
		179CC0C02379DA3D00CA420A /* Products */ = {
			isa = PBXGroup;
			children = (
				179CC0BF2379DA3D00CA420A /* OlaApp-Task.app */,
				179CC0D52379DA4300CA420A /* OlaApp-TaskTests.xctest */,
				179CC0E02379DA4300CA420A /* OlaApp-TaskUITests.xctest */,
			);
			name = Products;
			sourceTree = "<group>";
		};
		179CC0C12379DA3D00CA420A /* OlaApp-Task */ = {
			isa = PBXGroup;
			children = (
				179CC116237B2FF200CA420A /* Common */,
				179CC102237AF5B700CA420A /* Networking */,
				179CC0F62379DF7E00CA420A /* Home  */,
				179CC0C22379DA3D00CA420A /* AppDelegate.swift */,
				179CC0C42379DA3D00CA420A /* SceneDelegate.swift */,
				179CC0C82379DA3D00CA420A /* Main.storyboard */,
				179CC0CB2379DA4300CA420A /* Assets.xcassets */,
				179CC0CD2379DA4300CA420A /* LaunchScreen.storyboard */,
				179CC0D02379DA4300CA420A /* Info.plist */,
			);
			path = "OlaApp-Task";
			sourceTree = "<group>";
		};
		179CC0D82379DA4300CA420A /* OlaApp-TaskTests */ = {
			isa = PBXGroup;
			children = (
				179CC0D92379DA4300CA420A /* OlaApp_TaskTests.swift */,
				179CC0DB2379DA4300CA420A /* Info.plist */,
			);
			path = "OlaApp-TaskTests";
			sourceTree = "<group>";
		};
		179CC0E32379DA4300CA420A /* OlaApp-TaskUITests */ = {
			isa = PBXGroup;
			children = (
				179CC0E42379DA4300CA420A /* OlaApp_TaskUITests.swift */,
				179CC0E62379DA4300CA420A /* Info.plist */,
			);
			path = "OlaApp-TaskUITests";
			sourceTree = "<group>";
		};
		179CC0F22379DD3200CA420A /* Model */ = {
			isa = PBXGroup;
			children = (
				179CC100237AF54600CA420A /* VehicleDetails.swift */,
				179CC131237C7B0E00CA420A /* LocationModel.swift */,
			);
			path = Model;
			sourceTree = "<group>";
		};
		179CC0F42379DD4500CA420A /* View */ = {
			isa = PBXGroup;
			children = (
				179CC137237DAE3700CA420A /* AnnotationView */,
				179CC11F237C2DB700CA420A /* Cells */,
				179CC0FC2379E1EB00CA420A /* HomeViewController.swift */,
				179CC125237C386800CA420A /* VehiclesCollectionVC.swift */,
				179CC105237AF85000CA420A /* VehicleDetailVC.swift */,
				179CC107237AF87000CA420A /* MapViewController.swift */,
			);
			path = View;
			sourceTree = "<group>";
		};
		179CC0F52379DD4D00CA420A /* ViewModel */ = {
			isa = PBXGroup;
			children = (
				179CC0FE2379E2C700CA420A /* HomeViewModel.swift */,
			);
			path = ViewModel;
			sourceTree = "<group>";
		};
		179CC0F62379DF7E00CA420A /* Home  */ = {
			isa = PBXGroup;
			children = (
				179CC113237B2F6F00CA420A /* Remote */,
				179CC0F22379DD3200CA420A /* Model */,
				179CC0F52379DD4D00CA420A /* ViewModel */,
				179CC0F42379DD4500CA420A /* View */,
			);
			path = "Home ";
			sourceTree = "<group>";
		};
		179CC102237AF5B700CA420A /* Networking */ = {
			isa = PBXGroup;
			children = (
				179CC109237AFC1100CA420A /* Endpoint.swift */,
				179CC10D237B228700CA420A /* Future.swift */,
				179CC10F237B2B5300CA420A /* Promise.swift */,
				179CC111237B2CF300CA420A /* DataDecoder.swift */,
				179CC10B237AFE0D00CA420A /* Networking.swift */,
			);
			path = Networking;
			sourceTree = "<group>";
		};
		179CC113237B2F6F00CA420A /* Remote */ = {
			isa = PBXGroup;
			children = (
				179CC114237B2FB300CA420A /* VehicleLoader.swift */,
			);
			path = Remote;
			sourceTree = "<group>";
		};
		179CC116237B2FF200CA420A /* Common */ = {
			isa = PBXGroup;
			children = (
				179CC12E237C435A00CA420A /* Storyboarded */,
				179CC12B237C3E2D00CA420A /* Image Provider */,
				179CC11A237B314400CA420A /* Extensions */,
				179CC117237B30CE00CA420A /* Loading View */,
				179CC135237D899800CA420A /* ANCustomView.swift */,
			);
			path = Common;
			sourceTree = "<group>";
		};
		179CC117237B30CE00CA420A /* Loading View */ = {
			isa = PBXGroup;
			children = (
				179CC118237B30E400CA420A /* LoadingViewController.swift */,
			);
			path = "Loading View";
			sourceTree = "<group>";
		};
		179CC11A237B314400CA420A /* Extensions */ = {
			isa = PBXGroup;
			children = (
				179CC11B237B315900CA420A /* ViewControllerExtension.swift */,
				179CC133237C90C100CA420A /* ImageExtension.swift */,
			);
			path = Extensions;
			sourceTree = "<group>";
		};
		179CC11F237C2DB700CA420A /* Cells */ = {
			isa = PBXGroup;
			children = (
				179CC128237C387400CA420A /* VehicleCell.swift */,
				179CC127237C387400CA420A /* VehicleCell.xib */,
			);
			path = Cells;
			sourceTree = "<group>";
		};
		179CC12B237C3E2D00CA420A /* Image Provider */ = {
			isa = PBXGroup;
			children = (
				179CC12C237C3E3A00CA420A /* ImageProvider.swift */,
			);
			path = "Image Provider";
			sourceTree = "<group>";
		};
		179CC12E237C435A00CA420A /* Storyboarded */ = {
			isa = PBXGroup;
			children = (
				179CC12F237C436700CA420A /* Storyboarded.swift */,
			);
			path = Storyboarded;
			sourceTree = "<group>";
		};
		179CC137237DAE3700CA420A /* AnnotationView */ = {
			isa = PBXGroup;
			children = (
				179CC138237DAE4E00CA420A /* VehicleAnnotationView.swift */,
			);
			path = AnnotationView;
			sourceTree = "<group>";
		};
/* End PBXGroup section */

/* Begin PBXNativeTarget section */
		179CC0BE2379DA3D00CA420A /* OlaApp-Task */ = {
			isa = PBXNativeTarget;
			buildConfigurationList = 179CC0E92379DA4300CA420A /* Build configuration list for PBXNativeTarget "OlaApp-Task" */;
			buildPhases = (
				179CC0BB2379DA3D00CA420A /* Sources */,
				179CC0BC2379DA3D00CA420A /* Frameworks */,
				179CC0BD2379DA3D00CA420A /* Resources */,
			);
			buildRules = (
			);
			dependencies = (
			);
			name = "OlaApp-Task";
			packageProductDependencies = (
				179CC0F82379E1CA00CA420A /* RxSwift */,
				179CC0FA2379E1CA00CA420A /* RxCocoa */,
			);
			productName = "OlaApp-Task";
			productReference = 179CC0BF2379DA3D00CA420A /* OlaApp-Task.app */;
			productType = "com.apple.product-type.application";
		};
		179CC0D42379DA4300CA420A /* OlaApp-TaskTests */ = {
			isa = PBXNativeTarget;
			buildConfigurationList = 179CC0EC2379DA4300CA420A /* Build configuration list for PBXNativeTarget "OlaApp-TaskTests" */;
			buildPhases = (
				179CC0D12379DA4300CA420A /* Sources */,
				179CC0D22379DA4300CA420A /* Frameworks */,
				179CC0D32379DA4300CA420A /* Resources */,
			);
			buildRules = (
			);
			dependencies = (
				179CC0D72379DA4300CA420A /* PBXTargetDependency */,
			);
			name = "OlaApp-TaskTests";
			productName = "OlaApp-TaskTests";
			productReference = 179CC0D52379DA4300CA420A /* OlaApp-TaskTests.xctest */;
			productType = "com.apple.product-type.bundle.unit-test";
		};
		179CC0DF2379DA4300CA420A /* OlaApp-TaskUITests */ = {
			isa = PBXNativeTarget;
			buildConfigurationList = 179CC0EF2379DA4300CA420A /* Build configuration list for PBXNativeTarget "OlaApp-TaskUITests" */;
			buildPhases = (
				179CC0DC2379DA4300CA420A /* Sources */,
				179CC0DD2379DA4300CA420A /* Frameworks */,
				179CC0DE2379DA4300CA420A /* Resources */,
			);
			buildRules = (
			);
			dependencies = (
				179CC0E22379DA4300CA420A /* PBXTargetDependency */,
			);
			name = "OlaApp-TaskUITests";
			productName = "OlaApp-TaskUITests";
			productReference = 179CC0E02379DA4300CA420A /* OlaApp-TaskUITests.xctest */;
			productType = "com.apple.product-type.bundle.ui-testing";
		};
/* End PBXNativeTarget section */

/* Begin PBXProject section */
		179CC0B72379DA3D00CA420A /* Project object */ = {
			isa = PBXProject;
			attributes = {
				LastSwiftUpdateCheck = 1110;
				LastUpgradeCheck = 1110;
				ORGANIZATIONNAME = Anand;
				TargetAttributes = {
					179CC0BE2379DA3D00CA420A = {
						CreatedOnToolsVersion = 11.1;
					};
					179CC0D42379DA4300CA420A = {
						CreatedOnToolsVersion = 11.1;
						TestTargetID = 179CC0BE2379DA3D00CA420A;
					};
					179CC0DF2379DA4300CA420A = {
						CreatedOnToolsVersion = 11.1;
						TestTargetID = 179CC0BE2379DA3D00CA420A;
					};
				};
			};
			buildConfigurationList = 179CC0BA2379DA3D00CA420A /* Build configuration list for PBXProject "OlaApp-Task" */;
			compatibilityVersion = "Xcode 9.3";
			developmentRegion = en;
			hasScannedForEncodings = 0;
			knownRegions = (
				en,
				Base,
			);
			mainGroup = 179CC0B62379DA3D00CA420A;
			packageReferences = (
				179CC0F72379E1CA00CA420A /* XCRemoteSwiftPackageReference "RxSwift" */,
			);
			productRefGroup = 179CC0C02379DA3D00CA420A /* Products */;
			projectDirPath = "";
			projectRoot = "";
			targets = (
				179CC0BE2379DA3D00CA420A /* OlaApp-Task */,
				179CC0D42379DA4300CA420A /* OlaApp-TaskTests */,
				179CC0DF2379DA4300CA420A /* OlaApp-TaskUITests */,
			);
		};
/* End PBXProject section */

/* Begin PBXResourcesBuildPhase section */
		179CC0BD2379DA3D00CA420A /* Resources */ = {
			isa = PBXResourcesBuildPhase;
			buildActionMask = 2147483647;
			files = (
				179CC129237C387400CA420A /* VehicleCell.xib in Resources */,
				179CC0CF2379DA4300CA420A /* LaunchScreen.storyboard in Resources */,
				179CC0CC2379DA4300CA420A /* Assets.xcassets in Resources */,
				179CC0CA2379DA3D00CA420A /* Main.storyboard in Resources */,
			);
			runOnlyForDeploymentPostprocessing = 0;
		};
		179CC0D32379DA4300CA420A /* Resources */ = {
			isa = PBXResourcesBuildPhase;
			buildActionMask = 2147483647;
			files = (
			);
			runOnlyForDeploymentPostprocessing = 0;
		};
		179CC0DE2379DA4300CA420A /* Resources */ = {
			isa = PBXResourcesBuildPhase;
			buildActionMask = 2147483647;
			files = (
			);
			runOnlyForDeploymentPostprocessing = 0;
		};
/* End PBXResourcesBuildPhase section */

/* Begin PBXSourcesBuildPhase section */
		179CC0BB2379DA3D00CA420A /* Sources */ = {
			isa = PBXSourcesBuildPhase;
			buildActionMask = 2147483647;
			files = (
				179CC0C32379DA3D00CA420A /* AppDelegate.swift in Sources */,
				179CC115237B2FB300CA420A /* VehicleLoader.swift in Sources */,
				179CC119237B30E400CA420A /* LoadingViewController.swift in Sources */,
				179CC10C237AFE0D00CA420A /* Networking.swift in Sources */,
				179CC11C237B315900CA420A /* ViewControllerExtension.swift in Sources */,
				179CC10A237AFC1100CA420A /* Endpoint.swift in Sources */,
				179CC0C52379DA3D00CA420A /* SceneDelegate.swift in Sources */,
				179CC106237AF85000CA420A /* VehicleDetailVC.swift in Sources */,
				179CC132237C7B0E00CA420A /* LocationModel.swift in Sources */,
				179CC12D237C3E3A00CA420A /* ImageProvider.swift in Sources */,
				179CC134237C90C100CA420A /* ImageExtension.swift in Sources */,
				179CC0FD2379E1EB00CA420A /* HomeViewController.swift in Sources */,
				179CC12A237C387400CA420A /* VehicleCell.swift in Sources */,
				179CC112237B2CF300CA420A /* DataDecoder.swift in Sources */,
				179CC0FF2379E2C700CA420A /* HomeViewModel.swift in Sources */,
				179CC10E237B228700CA420A /* Future.swift in Sources */,
				179CC139237DAE4E00CA420A /* VehicleAnnotationView.swift in Sources */,
				179CC101237AF54600CA420A /* VehicleDetails.swift in Sources */,
				179CC126237C386800CA420A /* VehiclesCollectionVC.swift in Sources */,
				179CC108237AF87000CA420A /* MapViewController.swift in Sources */,
				179CC130237C436700CA420A /* Storyboarded.swift in Sources */,
				179CC136237D899800CA420A /* ANCustomView.swift in Sources */,
				179CC110237B2B5300CA420A /* Promise.swift in Sources */,
			);
			runOnlyForDeploymentPostprocessing = 0;
		};
		179CC0D12379DA4300CA420A /* Sources */ = {
			isa = PBXSourcesBuildPhase;
			buildActionMask = 2147483647;
			files = (
				179CC0DA2379DA4300CA420A /* OlaApp_TaskTests.swift in Sources */,
			);
			runOnlyForDeploymentPostprocessing = 0;
		};
		179CC0DC2379DA4300CA420A /* Sources */ = {
			isa = PBXSourcesBuildPhase;
			buildActionMask = 2147483647;
			files = (
				179CC0E52379DA4300CA420A /* OlaApp_TaskUITests.swift in Sources */,
			);
			runOnlyForDeploymentPostprocessing = 0;
		};
/* End PBXSourcesBuildPhase section */

/* Begin PBXTargetDependency section */
		179CC0D72379DA4300CA420A /* PBXTargetDependency */ = {
			isa = PBXTargetDependency;
			target = 179CC0BE2379DA3D00CA420A /* OlaApp-Task */;
			targetProxy = 179CC0D62379DA4300CA420A /* PBXContainerItemProxy */;
		};
		179CC0E22379DA4300CA420A /* PBXTargetDependency */ = {
			isa = PBXTargetDependency;
			target = 179CC0BE2379DA3D00CA420A /* OlaApp-Task */;
			targetProxy = 179CC0E12379DA4300CA420A /* PBXContainerItemProxy */;
		};
/* End PBXTargetDependency section */

/* Begin PBXVariantGroup section */
		179CC0C82379DA3D00CA420A /* Main.storyboard */ = {
			isa = PBXVariantGroup;
			children = (
				179CC0C92379DA3D00CA420A /* Base */,
			);
			name = Main.storyboard;
			sourceTree = "<group>";
		};
		179CC0CD2379DA4300CA420A /* LaunchScreen.storyboard */ = {
			isa = PBXVariantGroup;
			children = (
				179CC0CE2379DA4300CA420A /* Base */,
			);
			name = LaunchScreen.storyboard;
			sourceTree = "<group>";
		};
/* End PBXVariantGroup section */

/* Begin XCBuildConfiguration section */
		179CC0E72379DA4300CA420A /* Debug */ = {
			isa = XCBuildConfiguration;
			buildSettings = {
				ALWAYS_SEARCH_USER_PATHS = NO;
				CLANG_ANALYZER_NONNULL = YES;
				CLANG_ANALYZER_NUMBER_OBJECT_CONVERSION = YES_AGGRESSIVE;
				CLANG_CXX_LANGUAGE_STANDARD = "gnu++14";
				CLANG_CXX_LIBRARY = "libc++";
				CLANG_ENABLE_MODULES = YES;
				CLANG_ENABLE_OBJC_ARC = YES;
				CLANG_ENABLE_OBJC_WEAK = YES;
				CLANG_WARN_BLOCK_CAPTURE_AUTORELEASING = YES;
				CLANG_WARN_BOOL_CONVERSION = YES;
				CLANG_WARN_COMMA = YES;
				CLANG_WARN_CONSTANT_CONVERSION = YES;
				CLANG_WARN_DEPRECATED_OBJC_IMPLEMENTATIONS = YES;
				CLANG_WARN_DIRECT_OBJC_ISA_USAGE = YES_ERROR;
				CLANG_WARN_DOCUMENTATION_COMMENTS = YES;
				CLANG_WARN_EMPTY_BODY = YES;
				CLANG_WARN_ENUM_CONVERSION = YES;
				CLANG_WARN_INFINITE_RECURSION = YES;
				CLANG_WARN_INT_CONVERSION = YES;
				CLANG_WARN_NON_LITERAL_NULL_CONVERSION = YES;
				CLANG_WARN_OBJC_IMPLICIT_RETAIN_SELF = YES;
				CLANG_WARN_OBJC_LITERAL_CONVERSION = YES;
				CLANG_WARN_OBJC_ROOT_CLASS = YES_ERROR;
				CLANG_WARN_RANGE_LOOP_ANALYSIS = YES;
				CLANG_WARN_STRICT_PROTOTYPES = YES;
				CLANG_WARN_SUSPICIOUS_MOVE = YES;
				CLANG_WARN_UNGUARDED_AVAILABILITY = YES_AGGRESSIVE;
				CLANG_WARN_UNREACHABLE_CODE = YES;
				CLANG_WARN__DUPLICATE_METHOD_MATCH = YES;
				COPY_PHASE_STRIP = NO;
				DEBUG_INFORMATION_FORMAT = dwarf;
				ENABLE_STRICT_OBJC_MSGSEND = YES;
				ENABLE_TESTABILITY = YES;
				GCC_C_LANGUAGE_STANDARD = gnu11;
				GCC_DYNAMIC_NO_PIC = NO;
				GCC_NO_COMMON_BLOCKS = YES;
				GCC_OPTIMIZATION_LEVEL = 0;
				GCC_PREPROCESSOR_DEFINITIONS = (
					"DEBUG=1",
					"$(inherited)",
				);
				GCC_WARN_64_TO_32_BIT_CONVERSION = YES;
				GCC_WARN_ABOUT_RETURN_TYPE = YES_ERROR;
				GCC_WARN_UNDECLARED_SELECTOR = YES;
				GCC_WARN_UNINITIALIZED_AUTOS = YES_AGGRESSIVE;
				GCC_WARN_UNUSED_FUNCTION = YES;
				GCC_WARN_UNUSED_VARIABLE = YES;
				IPHONEOS_DEPLOYMENT_TARGET = 13.1;
				MTL_ENABLE_DEBUG_INFO = INCLUDE_SOURCE;
				MTL_FAST_MATH = YES;
				ONLY_ACTIVE_ARCH = YES;
				SDKROOT = iphoneos;
				SWIFT_ACTIVE_COMPILATION_CONDITIONS = DEBUG;
				SWIFT_OPTIMIZATION_LEVEL = "-Onone";
			};
			name = Debug;
		};
		179CC0E82379DA4300CA420A /* Release */ = {
			isa = XCBuildConfiguration;
			buildSettings = {
				ALWAYS_SEARCH_USER_PATHS = NO;
				CLANG_ANALYZER_NONNULL = YES;
				CLANG_ANALYZER_NUMBER_OBJECT_CONVERSION = YES_AGGRESSIVE;
				CLANG_CXX_LANGUAGE_STANDARD = "gnu++14";
				CLANG_CXX_LIBRARY = "libc++";
				CLANG_ENABLE_MODULES = YES;
				CLANG_ENABLE_OBJC_ARC = YES;
				CLANG_ENABLE_OBJC_WEAK = YES;
				CLANG_WARN_BLOCK_CAPTURE_AUTORELEASING = YES;
				CLANG_WARN_BOOL_CONVERSION = YES;
				CLANG_WARN_COMMA = YES;
				CLANG_WARN_CONSTANT_CONVERSION = YES;
				CLANG_WARN_DEPRECATED_OBJC_IMPLEMENTATIONS = YES;
				CLANG_WARN_DIRECT_OBJC_ISA_USAGE = YES_ERROR;
				CLANG_WARN_DOCUMENTATION_COMMENTS = YES;
				CLANG_WARN_EMPTY_BODY = YES;
				CLANG_WARN_ENUM_CONVERSION = YES;
				CLANG_WARN_INFINITE_RECURSION = YES;
				CLANG_WARN_INT_CONVERSION = YES;
				CLANG_WARN_NON_LITERAL_NULL_CONVERSION = YES;
				CLANG_WARN_OBJC_IMPLICIT_RETAIN_SELF = YES;
				CLANG_WARN_OBJC_LITERAL_CONVERSION = YES;
				CLANG_WARN_OBJC_ROOT_CLASS = YES_ERROR;
				CLANG_WARN_RANGE_LOOP_ANALYSIS = YES;
				CLANG_WARN_STRICT_PROTOTYPES = YES;
				CLANG_WARN_SUSPICIOUS_MOVE = YES;
				CLANG_WARN_UNGUARDED_AVAILABILITY = YES_AGGRESSIVE;
				CLANG_WARN_UNREACHABLE_CODE = YES;
				CLANG_WARN__DUPLICATE_METHOD_MATCH = YES;
				COPY_PHASE_STRIP = NO;
				DEBUG_INFORMATION_FORMAT = "dwarf-with-dsym";
				ENABLE_NS_ASSERTIONS = NO;
				ENABLE_STRICT_OBJC_MSGSEND = YES;
				GCC_C_LANGUAGE_STANDARD = gnu11;
				GCC_NO_COMMON_BLOCKS = YES;
				GCC_WARN_64_TO_32_BIT_CONVERSION = YES;
				GCC_WARN_ABOUT_RETURN_TYPE = YES_ERROR;
				GCC_WARN_UNDECLARED_SELECTOR = YES;
				GCC_WARN_UNINITIALIZED_AUTOS = YES_AGGRESSIVE;
				GCC_WARN_UNUSED_FUNCTION = YES;
				GCC_WARN_UNUSED_VARIABLE = YES;
				IPHONEOS_DEPLOYMENT_TARGET = 13.1;
				MTL_ENABLE_DEBUG_INFO = NO;
				MTL_FAST_MATH = YES;
				SDKROOT = iphoneos;
				SWIFT_COMPILATION_MODE = wholemodule;
				SWIFT_OPTIMIZATION_LEVEL = "-O";
				VALIDATE_PRODUCT = YES;
			};
			name = Release;
		};
		179CC0EA2379DA4300CA420A /* Debug */ = {
			isa = XCBuildConfiguration;
			buildSettings = {
				ASSETCATALOG_COMPILER_APPICON_NAME = AppIcon;
				CODE_SIGN_STYLE = Automatic;
				INFOPLIST_FILE = "OlaApp-Task/Info.plist";
				LD_RUNPATH_SEARCH_PATHS = (
					"$(inherited)",
					"@executable_path/Frameworks",
				);
				PRODUCT_BUNDLE_IDENTIFIER = "com.anscoder.OlaApp-Task";
				PRODUCT_NAME = "$(TARGET_NAME)";
				SWIFT_VERSION = 5.0;
				TARGETED_DEVICE_FAMILY = "1,2";
			};
			name = Debug;
		};
		179CC0EB2379DA4300CA420A /* Release */ = {
			isa = XCBuildConfiguration;
			buildSettings = {
				ASSETCATALOG_COMPILER_APPICON_NAME = AppIcon;
				CODE_SIGN_STYLE = Automatic;
				INFOPLIST_FILE = "OlaApp-Task/Info.plist";
				LD_RUNPATH_SEARCH_PATHS = (
					"$(inherited)",
					"@executable_path/Frameworks",
				);
				PRODUCT_BUNDLE_IDENTIFIER = "com.anscoder.OlaApp-Task";
				PRODUCT_NAME = "$(TARGET_NAME)";
				SWIFT_VERSION = 5.0;
				TARGETED_DEVICE_FAMILY = "1,2";
			};
			name = Release;
		};
		179CC0ED2379DA4300CA420A /* Debug */ = {
			isa = XCBuildConfiguration;
			buildSettings = {
				ALWAYS_EMBED_SWIFT_STANDARD_LIBRARIES = YES;
				BUNDLE_LOADER = "$(TEST_HOST)";
				CODE_SIGN_STYLE = Automatic;
				INFOPLIST_FILE = "OlaApp-TaskTests/Info.plist";
				IPHONEOS_DEPLOYMENT_TARGET = 13.1;
				LD_RUNPATH_SEARCH_PATHS = (
					"$(inherited)",
					"@executable_path/Frameworks",
					"@loader_path/Frameworks",
				);
				PRODUCT_BUNDLE_IDENTIFIER = "com.anscoder.OlaApp-TaskTests";
				PRODUCT_NAME = "$(TARGET_NAME)";
				SWIFT_VERSION = 5.0;
				TARGETED_DEVICE_FAMILY = "1,2";
				TEST_HOST = "$(BUILT_PRODUCTS_DIR)/OlaApp-Task.app/OlaApp-Task";
			};
			name = Debug;
		};
		179CC0EE2379DA4300CA420A /* Release */ = {
			isa = XCBuildConfiguration;
			buildSettings = {
				ALWAYS_EMBED_SWIFT_STANDARD_LIBRARIES = YES;
				BUNDLE_LOADER = "$(TEST_HOST)";
				CODE_SIGN_STYLE = Automatic;
				INFOPLIST_FILE = "OlaApp-TaskTests/Info.plist";
				IPHONEOS_DEPLOYMENT_TARGET = 13.1;
				LD_RUNPATH_SEARCH_PATHS = (
					"$(inherited)",
					"@executable_path/Frameworks",
					"@loader_path/Frameworks",
				);
				PRODUCT_BUNDLE_IDENTIFIER = "com.anscoder.OlaApp-TaskTests";
				PRODUCT_NAME = "$(TARGET_NAME)";
				SWIFT_VERSION = 5.0;
				TARGETED_DEVICE_FAMILY = "1,2";
				TEST_HOST = "$(BUILT_PRODUCTS_DIR)/OlaApp-Task.app/OlaApp-Task";
			};
			name = Release;
		};
		179CC0F02379DA4300CA420A /* Debug */ = {
			isa = XCBuildConfiguration;
			buildSettings = {
				ALWAYS_EMBED_SWIFT_STANDARD_LIBRARIES = YES;
				CODE_SIGN_STYLE = Automatic;
				INFOPLIST_FILE = "OlaApp-TaskUITests/Info.plist";
				LD_RUNPATH_SEARCH_PATHS = (
					"$(inherited)",
					"@executable_path/Frameworks",
					"@loader_path/Frameworks",
				);
				PRODUCT_BUNDLE_IDENTIFIER = "com.anscoder.OlaApp-TaskUITests";
				PRODUCT_NAME = "$(TARGET_NAME)";
				SWIFT_VERSION = 5.0;
				TARGETED_DEVICE_FAMILY = "1,2";
				TEST_TARGET_NAME = "OlaApp-Task";
			};
			name = Debug;
		};
		179CC0F12379DA4300CA420A /* Release */ = {
			isa = XCBuildConfiguration;
			buildSettings = {
				ALWAYS_EMBED_SWIFT_STANDARD_LIBRARIES = YES;
				CODE_SIGN_STYLE = Automatic;
				INFOPLIST_FILE = "OlaApp-TaskUITests/Info.plist";
				LD_RUNPATH_SEARCH_PATHS = (
					"$(inherited)",
					"@executable_path/Frameworks",
					"@loader_path/Frameworks",
				);
				PRODUCT_BUNDLE_IDENTIFIER = "com.anscoder.OlaApp-TaskUITests";
				PRODUCT_NAME = "$(TARGET_NAME)";
				SWIFT_VERSION = 5.0;
				TARGETED_DEVICE_FAMILY = "1,2";
				TEST_TARGET_NAME = "OlaApp-Task";
			};
			name = Release;
		};
/* End XCBuildConfiguration section */

/* Begin XCConfigurationList section */
		179CC0BA2379DA3D00CA420A /* Build configuration list for PBXProject "OlaApp-Task" */ = {
			isa = XCConfigurationList;
			buildConfigurations = (
				179CC0E72379DA4300CA420A /* Debug */,
				179CC0E82379DA4300CA420A /* Release */,
			);
			defaultConfigurationIsVisible = 0;
			defaultConfigurationName = Release;
		};
		179CC0E92379DA4300CA420A /* Build configuration list for PBXNativeTarget "OlaApp-Task" */ = {
			isa = XCConfigurationList;
			buildConfigurations = (
				179CC0EA2379DA4300CA420A /* Debug */,
				179CC0EB2379DA4300CA420A /* Release */,
			);
			defaultConfigurationIsVisible = 0;
			defaultConfigurationName = Release;
		};
		179CC0EC2379DA4300CA420A /* Build configuration list for PBXNativeTarget "OlaApp-TaskTests" */ = {
			isa = XCConfigurationList;
			buildConfigurations = (
				179CC0ED2379DA4300CA420A /* Debug */,
				179CC0EE2379DA4300CA420A /* Release */,
			);
			defaultConfigurationIsVisible = 0;
			defaultConfigurationName = Release;
		};
		179CC0EF2379DA4300CA420A /* Build configuration list for PBXNativeTarget "OlaApp-TaskUITests" */ = {
			isa = XCConfigurationList;
			buildConfigurations = (
				179CC0F02379DA4300CA420A /* Debug */,
				179CC0F12379DA4300CA420A /* Release */,
			);
			defaultConfigurationIsVisible = 0;
			defaultConfigurationName = Release;
		};
/* End XCConfigurationList section */

/* Begin XCRemoteSwiftPackageReference section */
		179CC0F72379E1CA00CA420A /* XCRemoteSwiftPackageReference "RxSwift" */ = {
			isa = XCRemoteSwiftPackageReference;
			repositoryURL = "https://github.com/ReactiveX/RxSwift.git";
			requirement = {
				kind = upToNextMajorVersion;
				minimumVersion = 5.0.1;
			};
		};
/* End XCRemoteSwiftPackageReference section */

/* Begin XCSwiftPackageProductDependency section */
		179CC0F82379E1CA00CA420A /* RxSwift */ = {
			isa = XCSwiftPackageProductDependency;
			package = 179CC0F72379E1CA00CA420A /* XCRemoteSwiftPackageReference "RxSwift" */;
			productName = RxSwift;
		};
		179CC0FA2379E1CA00CA420A /* RxCocoa */ = {
			isa = XCSwiftPackageProductDependency;
			package = 179CC0F72379E1CA00CA420A /* XCRemoteSwiftPackageReference "RxSwift" */;
			productName = RxCocoa;
		};
/* End XCSwiftPackageProductDependency section */
	};
	rootObject = 179CC0B72379DA3D00CA420A /* Project object */;
}
