// !$*UTF8*$!
{
	archiveVersion = 1;
	classes = {
	};
	objectVersion = 50;
	objects = {

/* Begin PBXBuildFile section */
		179CC0C32379DA3D00CA420A /* AppDelegate.swift in Sources */ = {isa = PBXBuildFile; fileRef = 179CC0C22379DA3D00CA420A /* AppDelegate.swift */; };
		179CC0C52379DA3D00CA420A /* SceneDelegate.swift in Sources */ = {isa = PBXBuildFile; fileRef = 179CC0C42379DA3D00CA420A /* SceneDelegate.swift */; };
		179CC0C72379DA3D00CA420A /* ViewController.swift in Sources */ = {isa = PBXBuildFile; fileRef = 179CC0C62379DA3D00CA420A /* ViewController.swift */; };
		179CC0CA2379DA3D00CA420A /* Main.storyboard in Resources */ = {isa = PBXBuildFile; fileRef = 179CC0C82379DA3D00CA420A /* Main.storyboard */; };
		179CC0CC2379DA4300CA420A /* Assets.xcassets in Resources */ = {isa = PBXBuildFile; fileRef = 179CC0CB2379DA4300CA420A /* Assets.xcassets */; };
		179CC0CF2379DA4300CA420A /* LaunchScreen.storyboard in Resources */ = {isa = PBXBuildFile; fileRef = 179CC0CD2379DA4300CA420A /* LaunchScreen.storyboard */; };
		179CC0DA2379DA4300CA420A /* OlaApp_TaskTests.swift in Sources */ = {isa = PBXBuildFile; fileRef = 179CC0D92379DA4300CA420A /* OlaApp_TaskTests.swift */; };
		179CC0E52379DA4300CA420A /* OlaApp_TaskUITests.swift in Sources */ = {isa = PBXBuildFile; fileRef = 179CC0E42379DA4300CA420A /* OlaApp_TaskUITests.swift */; };
/* End PBXBuildFile section */

/* Begin PBXContainerItemProxy section */
		179CC0D62379DA4300CA420A /* PBXContainerItemProxy */ = {
			isa = PBXContainerItemProxy;
			containerPortal = 179CC0B72379DA3D00CA420A /* Project object */;
			proxyType = 1;
			remoteGlobalIDString = 179CC0BE2379DA3D00CA420A;
			remoteInfo = "OlaApp-Task";
		};
		179CC0E12379DA4300CA420A /* PBXContainerItemProxy */ = {
			isa = PBXContainerItemProxy;
			containerPortal = 179CC0B72379DA3D00CA420A /* Project object */;
			proxyType = 1;
			remoteGlobalIDString = 179CC0BE2379DA3D00CA420A;
			remoteInfo = "OlaApp-Task";
		};
/* End PBXContainerItemProxy section */

/* Begin PBXFileReference section */
		179CC0BF2379DA3D00CA420A /* OlaApp-Task.app */ = {isa = PBXFileReference; explicitFileType = wrapper.application; includeInIndex = 0; path = "OlaApp-Task.app"; sourceTree = BUILT_PRODUCTS_DIR; };
		179CC0C22379DA3D00CA420A /* AppDelegate.swift */ = {isa = PBXFileReference; lastKnownFileType = sourcecode.swift; path = AppDelegate.swift; sourceTree = "<group>"; };
		179CC0C42379DA3D00CA420A /* SceneDelegate.swift */ = {isa = PBXFileReference; lastKnownFileType = sourcecode.swift; path = SceneDelegate.swift; sourceTree = "<group>"; };
		179CC0C62379DA3D00CA420A /* ViewController.swift */ = {isa = PBXFileReference; lastKnownFileType = sourcecode.swift; path = ViewController.swift; sourceTree = "<group>"; };
		179CC0C92379DA3D00CA420A /* Base */ = {isa = PBXFileReference; lastKnownFileType = file.storyboard; name = Base; path = Base.lproj/Main.storyboard; sourceTree = "<group>"; };
		179CC0CB2379DA4300CA420A /* Assets.xcassets */ = {isa = PBXFileReference; lastKnownFileType = folder.assetcatalog; path = Assets.xcassets; sourceTree = "<group>"; };
		179CC0CE2379DA4300CA420A /* Base */ = {isa = PBXFileReference; lastKnownFileType = file.storyboard; name = Base; path = Base.lproj/LaunchScreen.storyboard; sourceTree = "<group>"; };
		179CC0D02379DA4300CA420A /* Info.plist */ = {isa = PBXFileReference; lastKnownFileType = text.plist.xml; path = Info.plist; sourceTree = "<group>"; };
		179CC0D52379DA4300CA420A /* OlaApp-TaskTests.xctest */ = {isa = PBXFileReference; explicitFileType = wrapper.cfbundle; includeInIndex = 0; path = "OlaApp-TaskTests.xctest"; sourceTree = BUILT_PRODUCTS_DIR; };
		179CC0D92379DA4300CA420A /* OlaApp_TaskTests.swift */ = {isa = PBXFileReference; lastKnownFileType = sourcecode.swift; path = OlaApp_TaskTests.swift; sourceTree = "<group>"; };
		179CC0DB2379DA4300CA420A /* Info.plist */ = {isa = PBXFileReference; lastKnownFileType = text.plist.xml; path = Info.plist; sourceTree = "<group>"; };
		179CC0E02379DA4300CA420A /* OlaApp-TaskUITests.xctest */ = {isa = PBXFileReference; explicitFileType = wrapper.cfbundle; includeInIndex = 0; path = "OlaApp-TaskUITests.xctest"; sourceTree = BUILT_PRODUCTS_DIR; };
		179CC0E42379DA4300CA420A /* OlaApp_TaskUITests.swift */ = {isa = PBXFileReference; lastKnownFileType = sourcecode.swift; path = OlaApp_TaskUITests.swift; sourceTree = "<group>"; };
		179CC0E62379DA4300CA420A /* Info.plist */ = {isa = PBXFileReference; lastKnownFileType = text.plist.xml; path = Info.plist; sourceTree = "<group>"; };
/* End PBXFileReference section */

/* Begin PBXFrameworksBuildPhase section */
		179CC0BC2379DA3D00CA420A /* Frameworks */ = {
			isa = PBXFrameworksBuildPhase;
			buildActionMask = 2147483647;
			files = (
			);
			runOnlyForDeploymentPostprocessing = 0;
		};
		179CC0D22379DA4300CA420A /* Frameworks */ = {
			isa = PBXFrameworksBuildPhase;
			buildActionMask = 2147483647;
			files = (
			);
			runOnlyForDeploymentPostprocessing = 0;
		};
		179CC0DD2379DA4300CA420A /* Frameworks */ = {
			isa = PBXFrameworksBuildPhase;
			buildActionMask = 2147483647;
			files = (
			);
			runOnlyForDeploymentPostprocessing = 0;
		};
/* End PBXFrameworksBuildPhase section */

/* Begin PBXGroup section */
		179CC0B62379DA3D00CA420A = {
			isa = PBXGroup;
			children = (
				179CC0C12379DA3D00CA420A /* OlaApp-Task */,
				179CC0D82379DA4300CA420A /* OlaApp-TaskTests */,
				179CC0E32379DA4300CA420A /* OlaApp-TaskUITests */,
				179CC0C02379DA3D00CA420A /* Products */,
			);
			sourceTree = "<group>";
		};
		179CC0C02379DA3D00CA420A /* Products */ = {
			isa = PBXGroup;
			children = (
				179CC0BF2379DA3D00CA420A /* OlaApp-Task.app */,
				179CC0D52379DA4300CA420A /* OlaApp-TaskTests.xctest */,
				179CC0E02379DA4300CA420A /* OlaApp-TaskUITests.xctest */,
			);
			name = Products;
			sourceTree = "<group>";
		};
		179CC0C12379DA3D00CA420A /* OlaApp-Task */ = {
			isa = PBXGroup;
			children = (
				179CC0C22379DA3D00CA420A /* AppDelegate.swift */,
				179CC0C42379DA3D00CA420A /* SceneDelegate.swift */,
				179CC0C62379DA3D00CA420A /* ViewController.swift */,
				179CC0C82379DA3D00CA420A /* Main.storyboard */,
				179CC0CB2379DA4300CA420A /* Assets.xcassets */,
				179CC0CD2379DA4300CA420A /* LaunchScreen.storyboard */,
				179CC0D02379DA4300CA420A /* Info.plist */,
			);
			path = "OlaApp-Task";
			sourceTree = "<group>";
		};
		179CC0D82379DA4300CA420A /* OlaApp-TaskTests */ = {
			isa = PBXGroup;
			children = (
				179CC0D92379DA4300CA420A /* OlaApp_TaskTests.swift */,
				179CC0DB2379DA4300CA420A /* Info.plist */,
			);
			path = "OlaApp-TaskTests";
			sourceTree = "<group>";
		};
		179CC0E32379DA4300CA420A /* OlaApp-TaskUITests */ = {
			isa = PBXGroup;
			children = (
				179CC0E42379DA4300CA420A /* OlaApp_TaskUITests.swift */,
				179CC0E62379DA4300CA420A /* Info.plist */,
			);
			path = "OlaApp-TaskUITests";
			sourceTree = "<group>";
		};
/* End PBXGroup section */

/* Begin PBXNativeTarget section */
		179CC0BE2379DA3D00CA420A /* OlaApp-Task */ = {
			isa = PBXNativeTarget;
			buildConfigurationList = 179CC0E92379DA4300CA420A /* Build configuration list for PBXNativeTarget "OlaApp-Task" */;
			buildPhases = (
				179CC0BB2379DA3D00CA420A /* Sources */,
				179CC0BC2379DA3D00CA420A /* Frameworks */,
				179CC0BD2379DA3D00CA420A /* Resources */,
			);
			buildRules = (
			);
			dependencies = (
			);
			name = "OlaApp-Task";
			productName = "OlaApp-Task";
			productReference = 179CC0BF2379DA3D00CA420A /* OlaApp-Task.app */;
			productType = "com.apple.product-type.application";
		};
		179CC0D42379DA4300CA420A /* OlaApp-TaskTests */ = {
			isa = PBXNativeTarget;
			buildConfigurationList = 179CC0EC2379DA4300CA420A /* Build configuration list for PBXNativeTarget "OlaApp-TaskTests" */;
			buildPhases = (
				179CC0D12379DA4300CA420A /* Sources */,
				179CC0D22379DA4300CA420A /* Frameworks */,
				179CC0D32379DA4300CA420A /* Resources */,
			);
			buildRules = (
			);
			dependencies = (
				179CC0D72379DA4300CA420A /* PBXTargetDependency */,
			);
			name = "OlaApp-TaskTests";
			productName = "OlaApp-TaskTests";
			productReference = 179CC0D52379DA4300CA420A /* OlaApp-TaskTests.xctest */;
			productType = "com.apple.product-type.bundle.unit-test";
		};
		179CC0DF2379DA4300CA420A /* OlaApp-TaskUITests */ = {
			isa = PBXNativeTarget;
			buildConfigurationList = 179CC0EF2379DA4300CA420A /* Build configuration list for PBXNativeTarget "OlaApp-TaskUITests" */;
			buildPhases = (
				179CC0DC2379DA4300CA420A /* Sources */,
				179CC0DD2379DA4300CA420A /* Frameworks */,
				179CC0DE2379DA4300CA420A /* Resources */,
			);
			buildRules = (
			);
			dependencies = (
				179CC0E22379DA4300CA420A /* PBXTargetDependency */,
			);
			name = "OlaApp-TaskUITests";
			productName = "OlaApp-TaskUITests";
			productReference = 179CC0E02379DA4300CA420A /* OlaApp-TaskUITests.xctest */;
			productType = "com.apple.product-type.bundle.ui-testing";
		};
/* End PBXNativeTarget section */

/* Begin PBXProject section */
		179CC0B72379DA3D00CA420A /* Project object */ = {
			isa = PBXProject;
			attributes = {
				LastSwiftUpdateCheck = 1110;
				LastUpgradeCheck = 1110;
				ORGANIZATIONNAME = Anand;
				TargetAttributes = {
					179CC0BE2379DA3D00CA420A = {
						CreatedOnToolsVersion = 11.1;
					};
					179CC0D42379DA4300CA420A = {
						CreatedOnToolsVersion = 11.1;
						TestTargetID = 179CC0BE2379DA3D00CA420A;
					};
					179CC0DF2379DA4300CA420A = {
						CreatedOnToolsVersion = 11.1;
						TestTargetID = 179CC0BE2379DA3D00CA420A;
					};
				};
			};
			buildConfigurationList = 179CC0BA2379DA3D00CA420A /* Build configuration list for PBXProject "OlaApp-Task" */;
			compatibilityVersion = "Xcode 9.3";
			developmentRegion = en;
			hasScannedForEncodings = 0;
			knownRegions = (
				en,
				Base,
			);
			mainGroup = 179CC0B62379DA3D00CA420A;
			productRefGroup = 179CC0C02379DA3D00CA420A /* Products */;
			projectDirPath = "";
			projectRoot = "";
			targets = (
				179CC0BE2379DA3D00CA420A /* OlaApp-Task */,
				179CC0D42379DA4300CA420A /* OlaApp-TaskTests */,
				179CC0DF2379DA4300CA420A /* OlaApp-TaskUITests */,
			);
		};
/* End PBXProject section */

/* Begin PBXResourcesBuildPhase section */
		179CC0BD2379DA3D00CA420A /* Resources */ = {
			isa = PBXResourcesBuildPhase;
			buildActionMask = 2147483647;
			files = (
				179CC0CF2379DA4300CA420A /* LaunchScreen.storyboard in Resources */,
				179CC0CC2379DA4300CA420A /* Assets.xcassets in Resources */,
				179CC0CA2379DA3D00CA420A /* Main.storyboard in Resources */,
			);
			runOnlyForDeploymentPostprocessing = 0;
		};
		179CC0D32379DA4300CA420A /* Resources */ = {
			isa = PBXResourcesBuildPhase;
			buildActionMask = 2147483647;
			files = (
			);
			runOnlyForDeploymentPostprocessing = 0;
		};
		179CC0DE2379DA4300CA420A /* Resources */ = {
			isa = PBXResourcesBuildPhase;
			buildActionMask = 2147483647;
			files = (
			);
			runOnlyForDeploymentPostprocessing = 0;
		};
/* End PBXResourcesBuildPhase section */

/* Begin PBXSourcesBuildPhase section */
		179CC0BB2379DA3D00CA420A /* Sources */ = {
			isa = PBXSourcesBuildPhase;
			buildActionMask = 2147483647;
			files = (
				179CC0C72379DA3D00CA420A /* ViewController.swift in Sources */,
				179CC0C32379DA3D00CA420A /* AppDelegate.swift in Sources */,
				179CC0C52379DA3D00CA420A /* SceneDelegate.swift in Sources */,
			);
			runOnlyForDeploymentPostprocessing = 0;
		};
		179CC0D12379DA4300CA420A /* Sources */ = {
			isa = PBXSourcesBuildPhase;
			buildActionMask = 2147483647;
			files = (
				179CC0DA2379DA4300CA420A /* OlaApp_TaskTests.swift in Sources */,
			);
			runOnlyForDeploymentPostprocessing = 0;
		};
		179CC0DC2379DA4300CA420A /* Sources */ = {
			isa = PBXSourcesBuildPhase;
			buildActionMask = 2147483647;
			files = (
				179CC0E52379DA4300CA420A /* OlaApp_TaskUITests.swift in Sources */,
			);
			runOnlyForDeploymentPostprocessing = 0;
		};
/* End PBXSourcesBuildPhase section */

/* Begin PBXTargetDependency section */
		179CC0D72379DA4300CA420A /* PBXTargetDependency */ = {
			isa = PBXTargetDependency;
			target = 179CC0BE2379DA3D00CA420A /* OlaApp-Task */;
			targetProxy = 179CC0D62379DA4300CA420A /* PBXContainerItemProxy */;
		};
		179CC0E22379DA4300CA420A /* PBXTargetDependency */ = {
			isa = PBXTargetDependency;
			target = 179CC0BE2379DA3D00CA420A /* OlaApp-Task */;
			targetProxy = 179CC0E12379DA4300CA420A /* PBXContainerItemProxy */;
		};
/* End PBXTargetDependency section */

/* Begin PBXVariantGroup section */
		179CC0C82379DA3D00CA420A /* Main.storyboard */ = {
			isa = PBXVariantGroup;
			children = (
				179CC0C92379DA3D00CA420A /* Base */,
			);
			name = Main.storyboard;
			sourceTree = "<group>";
		};
		179CC0CD2379DA4300CA420A /* LaunchScreen.storyboard */ = {
			isa = PBXVariantGroup;
			children = (
				179CC0CE2379DA4300CA420A /* Base */,
			);
			name = LaunchScreen.storyboard;
			sourceTree = "<group>";
		};
/* End PBXVariantGroup section */

/* Begin XCBuildConfiguration section */
		179CC0E72379DA4300CA420A /* Debug */ = {
			isa = XCBuildConfiguration;
			buildSettings = {
				ALWAYS_SEARCH_USER_PATHS = NO;
				CLANG_ANALYZER_NONNULL = YES;
				CLANG_ANALYZER_NUMBER_OBJECT_CONVERSION = YES_AGGRESSIVE;
				CLANG_CXX_LANGUAGE_STANDARD = "gnu++14";
				CLANG_CXX_LIBRARY = "libc++";
				CLANG_ENABLE_MODULES = YES;
				CLANG_ENABLE_OBJC_ARC = YES;
				CLANG_ENABLE_OBJC_WEAK = YES;
				CLANG_WARN_BLOCK_CAPTURE_AUTORELEASING = YES;
				CLANG_WARN_BOOL_CONVERSION = YES;
				CLANG_WARN_COMMA = YES;
				CLANG_WARN_CONSTANT_CONVERSION = YES;
				CLANG_WARN_DEPRECATED_OBJC_IMPLEMENTATIONS = YES;
				CLANG_WARN_DIRECT_OBJC_ISA_USAGE = YES_ERROR;
				CLANG_WARN_DOCUMENTATION_COMMENTS = YES;
				CLANG_WARN_EMPTY_BODY = YES;
				CLANG_WARN_ENUM_CONVERSION = YES;
				CLANG_WARN_INFINITE_RECURSION = YES;
				CLANG_WARN_INT_CONVERSION = YES;
				CLANG_WARN_NON_LITERAL_NULL_CONVERSION = YES;
				CLANG_WARN_OBJC_IMPLICIT_RETAIN_SELF = YES;
				CLANG_WARN_OBJC_LITERAL_CONVERSION = YES;
				CLANG_WARN_OBJC_ROOT_CLASS = YES_ERROR;
				CLANG_WARN_RANGE_LOOP_ANALYSIS = YES;
				CLANG_WARN_STRICT_PROTOTYPES = YES;
				CLANG_WARN_SUSPICIOUS_MOVE = YES;
				CLANG_WARN_UNGUARDED_AVAILABILITY = YES_AGGRESSIVE;
				CLANG_WARN_UNREACHABLE_CODE = YES;
				CLANG_WARN__DUPLICATE_METHOD_MATCH = YES;
				COPY_PHASE_STRIP = NO;
				DEBUG_INFORMATION_FORMAT = dwarf;
				ENABLE_STRICT_OBJC_MSGSEND = YES;
				ENABLE_TESTABILITY = YES;
				GCC_C_LANGUAGE_STANDARD = gnu11;
				GCC_DYNAMIC_NO_PIC = NO;
				GCC_NO_COMMON_BLOCKS = YES;
				GCC_OPTIMIZATION_LEVEL = 0;
				GCC_PREPROCESSOR_DEFINITIONS = (
					"DEBUG=1",
					"$(inherited)",
				);
				GCC_WARN_64_TO_32_BIT_CONVERSION = YES;
				GCC_WARN_ABOUT_RETURN_TYPE = YES_ERROR;
				GCC_WARN_UNDECLARED_SELECTOR = YES;
				GCC_WARN_UNINITIALIZED_AUTOS = YES_AGGRESSIVE;
				GCC_WARN_UNUSED_FUNCTION = YES;
				GCC_WARN_UNUSED_VARIABLE = YES;
				IPHONEOS_DEPLOYMENT_TARGET = 13.1;
				MTL_ENABLE_DEBUG_INFO = INCLUDE_SOURCE;
				MTL_FAST_MATH = YES;
				ONLY_ACTIVE_ARCH = YES;
				SDKROOT = iphoneos;
				SWIFT_ACTIVE_COMPILATION_CONDITIONS = DEBUG;
				SWIFT_OPTIMIZATION_LEVEL = "-Onone";
			};
			name = Debug;
		};
		179CC0E82379DA4300CA420A /* Release */ = {
			isa = XCBuildConfiguration;
			buildSettings = {
				ALWAYS_SEARCH_USER_PATHS = NO;
				CLANG_ANALYZER_NONNULL = YES;
				CLANG_ANALYZER_NUMBER_OBJECT_CONVERSION = YES_AGGRESSIVE;
				CLANG_CXX_LANGUAGE_STANDARD = "gnu++14";
				CLANG_CXX_LIBRARY = "libc++";
				CLANG_ENABLE_MODULES = YES;
				CLANG_ENABLE_OBJC_ARC = YES;
				CLANG_ENABLE_OBJC_WEAK = YES;
				CLANG_WARN_BLOCK_CAPTURE_AUTORELEASING = YES;
				CLANG_WARN_BOOL_CONVERSION = YES;
				CLANG_WARN_COMMA = YES;
				CLANG_WARN_CONSTANT_CONVERSION = YES;
				CLANG_WARN_DEPRECATED_OBJC_IMPLEMENTATIONS = YES;
				CLANG_WARN_DIRECT_OBJC_ISA_USAGE = YES_ERROR;
				CLANG_WARN_DOCUMENTATION_COMMENTS = YES;
				CLANG_WARN_EMPTY_BODY = YES;
				CLANG_WARN_ENUM_CONVERSION = YES;
				CLANG_WARN_INFINITE_RECURSION = YES;
				CLANG_WARN_INT_CONVERSION = YES;
				CLANG_WARN_NON_LITERAL_NULL_CONVERSION = YES;
				CLANG_WARN_OBJC_IMPLICIT_RETAIN_SELF = YES;
				CLANG_WARN_OBJC_LITERAL_CONVERSION = YES;
				CLANG_WARN_OBJC_ROOT_CLASS = YES_ERROR;
				CLANG_WARN_RANGE_LOOP_ANALYSIS = YES;
				CLANG_WARN_STRICT_PROTOTYPES = YES;
				CLANG_WARN_SUSPICIOUS_MOVE = YES;
				CLANG_WARN_UNGUARDED_AVAILABILITY = YES_AGGRESSIVE;
				CLANG_WARN_UNREACHABLE_CODE = YES;
				CLANG_WARN__DUPLICATE_METHOD_MATCH = YES;
				COPY_PHASE_STRIP = NO;
				DEBUG_INFORMATION_FORMAT = "dwarf-with-dsym";
				ENABLE_NS_ASSERTIONS = NO;
				ENABLE_STRICT_OBJC_MSGSEND = YES;
				GCC_C_LANGUAGE_STANDARD = gnu11;
				GCC_NO_COMMON_BLOCKS = YES;
				GCC_WARN_64_TO_32_BIT_CONVERSION = YES;
				GCC_WARN_ABOUT_RETURN_TYPE = YES_ERROR;
				GCC_WARN_UNDECLARED_SELECTOR = YES;
				GCC_WARN_UNINITIALIZED_AUTOS = YES_AGGRESSIVE;
				GCC_WARN_UNUSED_FUNCTION = YES;
				GCC_WARN_UNUSED_VARIABLE = YES;
				IPHONEOS_DEPLOYMENT_TARGET = 13.1;
				MTL_ENABLE_DEBUG_INFO = NO;
				MTL_FAST_MATH = YES;
				SDKROOT = iphoneos;
				SWIFT_COMPILATION_MODE = wholemodule;
				SWIFT_OPTIMIZATION_LEVEL = "-O";
				VALIDATE_PRODUCT = YES;
			};
			name = Release;
		};
		179CC0EA2379DA4300CA420A /* Debug */ = {
			isa = XCBuildConfiguration;
			buildSettings = {
				ASSETCATALOG_COMPILER_APPICON_NAME = AppIcon;
				CODE_SIGN_STYLE = Automatic;
				INFOPLIST_FILE = "OlaApp-Task/Info.plist";
				LD_RUNPATH_SEARCH_PATHS = (
					"$(inherited)",
					"@executable_path/Frameworks",
				);
				PRODUCT_BUNDLE_IDENTIFIER = "com.anscoder.OlaApp-Task";
				PRODUCT_NAME = "$(TARGET_NAME)";
				SWIFT_VERSION = 5.0;
				TARGETED_DEVICE_FAMILY = "1,2";
			};
			name = Debug;
		};
		179CC0EB2379DA4300CA420A /* Release */ = {
			isa = XCBuildConfiguration;
			buildSettings = {
				ASSETCATALOG_COMPILER_APPICON_NAME = AppIcon;
				CODE_SIGN_STYLE = Automatic;
				INFOPLIST_FILE = "OlaApp-Task/Info.plist";
				LD_RUNPATH_SEARCH_PATHS = (
					"$(inherited)",
					"@executable_path/Frameworks",
				);
				PRODUCT_BUNDLE_IDENTIFIER = "com.anscoder.OlaApp-Task";
				PRODUCT_NAME = "$(TARGET_NAME)";
				SWIFT_VERSION = 5.0;
				TARGETED_DEVICE_FAMILY = "1,2";
			};
			name = Release;
		};
		179CC0ED2379DA4300CA420A /* Debug */ = {
			isa = XCBuildConfiguration;
			buildSettings = {
				ALWAYS_EMBED_SWIFT_STANDARD_LIBRARIES = YES;
				BUNDLE_LOADER = "$(TEST_HOST)";
				CODE_SIGN_STYLE = Automatic;
				INFOPLIST_FILE = "OlaApp-TaskTests/Info.plist";
				IPHONEOS_DEPLOYMENT_TARGET = 13.1;
				LD_RUNPATH_SEARCH_PATHS = (
					"$(inherited)",
					"@executable_path/Frameworks",
					"@loader_path/Frameworks",
				);
				PRODUCT_BUNDLE_IDENTIFIER = "com.anscoder.OlaApp-TaskTests";
				PRODUCT_NAME = "$(TARGET_NAME)";
				SWIFT_VERSION = 5.0;
				TARGETED_DEVICE_FAMILY = "1,2";
				TEST_HOST = "$(BUILT_PRODUCTS_DIR)/OlaApp-Task.app/OlaApp-Task";
			};
			name = Debug;
		};
		179CC0EE2379DA4300CA420A /* Release */ = {
			isa = XCBuildConfiguration;
			buildSettings = {
				ALWAYS_EMBED_SWIFT_STANDARD_LIBRARIES = YES;
				BUNDLE_LOADER = "$(TEST_HOST)";
				CODE_SIGN_STYLE = Automatic;
				INFOPLIST_FILE = "OlaApp-TaskTests/Info.plist";
				IPHONEOS_DEPLOYMENT_TARGET = 13.1;
				LD_RUNPATH_SEARCH_PATHS = (
					"$(inherited)",
					"@executable_path/Frameworks",
					"@loader_path/Frameworks",
				);
				PRODUCT_BUNDLE_IDENTIFIER = "com.anscoder.OlaApp-TaskTests";
				PRODUCT_NAME = "$(TARGET_NAME)";
				SWIFT_VERSION = 5.0;
				TARGETED_DEVICE_FAMILY = "1,2";
				TEST_HOST = "$(BUILT_PRODUCTS_DIR)/OlaApp-Task.app/OlaApp-Task";
			};
			name = Release;
		};
		179CC0F02379DA4300CA420A /* Debug */ = {
			isa = XCBuildConfiguration;
			buildSettings = {
				ALWAYS_EMBED_SWIFT_STANDARD_LIBRARIES = YES;
				CODE_SIGN_STYLE = Automatic;
				INFOPLIST_FILE = "OlaApp-TaskUITests/Info.plist";
				LD_RUNPATH_SEARCH_PATHS = (
					"$(inherited)",
					"@executable_path/Frameworks",
					"@loader_path/Frameworks",
				);
				PRODUCT_BUNDLE_IDENTIFIER = "com.anscoder.OlaApp-TaskUITests";
				PRODUCT_NAME = "$(TARGET_NAME)";
				SWIFT_VERSION = 5.0;
				TARGETED_DEVICE_FAMILY = "1,2";
				TEST_TARGET_NAME = "OlaApp-Task";
			};
			name = Debug;
		};
		179CC0F12379DA4300CA420A /* Release */ = {
			isa = XCBuildConfiguration;
			buildSettings = {
				ALWAYS_EMBED_SWIFT_STANDARD_LIBRARIES = YES;
				CODE_SIGN_STYLE = Automatic;
				INFOPLIST_FILE = "OlaApp-TaskUITests/Info.plist";
				LD_RUNPATH_SEARCH_PATHS = (
					"$(inherited)",
					"@executable_path/Frameworks",
					"@loader_path/Frameworks",
				);
				PRODUCT_BUNDLE_IDENTIFIER = "com.anscoder.OlaApp-TaskUITests";
				PRODUCT_NAME = "$(TARGET_NAME)";
				SWIFT_VERSION = 5.0;
				TARGETED_DEVICE_FAMILY = "1,2";
				TEST_TARGET_NAME = "OlaApp-Task";
			};
			name = Release;
		};
/* End XCBuildConfiguration section */

/* Begin XCConfigurationList section */
		179CC0BA2379DA3D00CA420A /* Build configuration list for PBXProject "OlaApp-Task" */ = {
			isa = XCConfigurationList;
			buildConfigurations = (
				179CC0E72379DA4300CA420A /* Debug */,
				179CC0E82379DA4300CA420A /* Release */,
			);
			defaultConfigurationIsVisible = 0;
			defaultConfigurationName = Release;
		};
		179CC0E92379DA4300CA420A /* Build configuration list for PBXNativeTarget "OlaApp-Task" */ = {
			isa = XCConfigurationList;
			buildConfigurations = (
				179CC0EA2379DA4300CA420A /* Debug */,
				179CC0EB2379DA4300CA420A /* Release */,
			);
			defaultConfigurationIsVisible = 0;
			defaultConfigurationName = Release;
		};
		179CC0EC2379DA4300CA420A /* Build configuration list for PBXNativeTarget "OlaApp-TaskTests" */ = {
			isa = XCConfigurationList;
			buildConfigurations = (
				179CC0ED2379DA4300CA420A /* Debug */,
				179CC0EE2379DA4300CA420A /* Release */,
			);
			defaultConfigurationIsVisible = 0;
			defaultConfigurationName = Release;
		};
		179CC0EF2379DA4300CA420A /* Build configuration list for PBXNativeTarget "OlaApp-TaskUITests" */ = {
			isa = XCConfigurationList;
			buildConfigurations = (
				179CC0F02379DA4300CA420A /* Debug */,
				179CC0F12379DA4300CA420A /* Release */,
			);
			defaultConfigurationIsVisible = 0;
			defaultConfigurationName = Release;
		};
/* End XCConfigurationList section */
	};
	rootObject = 179CC0B72379DA3D00CA420A /* Project object */;
}
